
Microsoft Visual Studio Solution File, Format Version 12.00
# Visual Studio Version 16
VisualStudioVersion = 16.0.31702.278
MinimumVisualStudioVersion = 10.0.40219.1
Project("{9A19103F-16F7-4668-BE54-9A1E7A4F7556}") = "Uebung01", "Uebung01\Uebung01.csproj", "{102CC4F4-3F11-4931-B076-98C79FCD3F23}"
EndProject
Project("{9A19103F-16F7-4668-BE54-9A1E7A4F7556}") = "Uebung01ML.Model", "Uebung01ML.Model\Uebung01ML.Model.csproj", "{43B84083-16D1-4342-8A7B-CFBAAC4AF960}"
EndProject
Project("{9A19103F-16F7-4668-BE54-9A1E7A4F7556}") = "Uebung01ML.ConsoleApp", "Uebung01ML.ConsoleApp\Uebung01ML.ConsoleApp.csproj", "{B505B81C-FDAA-4143-834D-2F332EF2B433}"
EndProject
Project("{FAE04EC0-301F-11D3-BF4B-00C04F79EFBC}") = "ExampleREST", "ExampleREST\ExampleREST.csproj", "{23AF9BD4-ADCA-4843-AF5F-AC3FEC278053}"
EndProject
Global
	GlobalSection(SolutionConfigurationPlatforms) = preSolution
		Debug|Any CPU = Debug|Any CPU
		Release|Any CPU = Release|Any CPU
	EndGlobalSection
	GlobalSection(ProjectConfigurationPlatforms) = postSolution
		{102CC4F4-3F11-4931-B076-98C79FCD3F23}.Debug|Any CPU.ActiveCfg = Debug|Any CPU
		{102CC4F4-3F11-4931-B076-98C79FCD3F23}.Debug|Any CPU.Build.0 = Debug|Any CPU
		{102CC4F4-3F11-4931-B076-98C79FCD3F23}.Release|Any CPU.ActiveCfg = Release|Any CPU
		{102CC4F4-3F11-4931-B076-98C79FCD3F23}.Release|Any CPU.Build.0 = Release|Any CPU
		{43B84083-16D1-4342-8A7B-CFBAAC4AF960}.Debug|Any CPU.ActiveCfg = Debug|Any CPU
		{43B84083-16D1-4342-8A7B-CFBAAC4AF960}.Debug|Any CPU.Build.0 = Debug|Any CPU
		{43B84083-16D1-4342-8A7B-CFBAAC4AF960}.Release|Any CPU.ActiveCfg = Release|Any CPU
		{43B84083-16D1-4342-8A7B-CFBAAC4AF960}.Release|Any CPU.Build.0 = Release|Any CPU
		{B505B81C-FDAA-4143-834D-2F332EF2B433}.Debug|Any CPU.ActiveCfg = Debug|Any CPU
		{B505B81C-FDAA-4143-834D-2F332EF2B433}.Debug|Any CPU.Build.0 = Debug|Any CPU
		{B505B81C-FDAA-4143-834D-2F332EF2B433}.Release|Any CPU.ActiveCfg = Release|Any CPU
		{B505B81C-FDAA-4143-834D-2F332EF2B433}.Release|Any CPU.Build.0 = Release|Any CPU
		{23AF9BD4-ADCA-4843-AF5F-AC3FEC278053}.Debug|Any CPU.ActiveCfg = Debug|Any CPU
		{23AF9BD4-ADCA-4843-AF5F-AC3FEC278053}.Debug|Any CPU.Build.0 = Debug|Any CPU
		{23AF9BD4-ADCA-4843-AF5F-AC3FEC278053}.Release|Any CPU.ActiveCfg = Release|Any CPU
		{23AF9BD4-ADCA-4843-AF5F-AC3FEC278053}.Release|Any CPU.Build.0 = Release|Any CPU
	EndGlobalSection
	GlobalSection(SolutionProperties) = preSolution
		HideSolutionNode = FALSE
	EndGlobalSection
	GlobalSection(ExtensibilityGlobals) = postSolution
		SolutionGuid = {92BB5DDD-377C-4ABD-AFB6-21A4BAED2976}
	EndGlobalSection
EndGlobal
